{
  "requires": true,
  "lockfileVersion": 1,
  "dependencies": {
    "react-hook-form": {
      "version": "7.38.0",
      "resolved": "https://registry.npmjs.org/react-hook-form/-/react-hook-form-7.38.0.tgz",
      "integrity": "sha512-gxWW1kMeru9xR1GoR+Iw4hA+JBOM3SHfr4DWCUKY0xc7Vv1MLsF109oHtBeWl9shcyPFx67KHru44DheN0XY5A=="
    }
  }
}
